// !$*UTF8*$!
{
	archiveVersion = 1;
	classes = {
	};
	objectVersion = 56;
	objects = {

/* Begin PBXBuildFile section */
		B2B005212B18CE6D00E78E58 /* JouikesAppApp.swift in Sources */ = {isa = PBXBuildFile; fileRef = B2B005202B18CE6D00E78E58 /* JouikesAppApp.swift */; };
		B2B005232B18CE6D00E78E58 /* JokeView.swift in Sources */ = {isa = PBXBuildFile; fileRef = B2B005222B18CE6D00E78E58 /* JokeView.swift */; };
		B2B005252B18CE6F00E78E58 /* Assets.xcassets in Resources */ = {isa = PBXBuildFile; fileRef = B2B005242B18CE6F00E78E58 /* Assets.xcassets */; };
		B2B005282B18CE6F00E78E58 /* Preview Assets.xcassets in Resources */ = {isa = PBXBuildFile; fileRef = B2B005272B18CE6F00E78E58 /* Preview Assets.xcassets */; };
		B2DE2AB72B18D4AA00255D7F /* NetworkService.swift in Sources */ = {isa = PBXBuildFile; fileRef = B2DE2AB62B18D4AA00255D7F /* NetworkService.swift */; };
		B2DE2AB92B18E47000255D7F /* MainView.swift in Sources */ = {isa = PBXBuildFile; fileRef = B2DE2AB82B18E47000255D7F /* MainView.swift */; };
		B2DE2ABB2B18E4F200255D7F /* SaveJokesView.swift in Sources */ = {isa = PBXBuildFile; fileRef = B2DE2ABA2B18E4F200255D7F /* SaveJokesView.swift */; };
		B2DE2ABD2B18E73000255D7F /* JokeViewModel.swift in Sources */ = {isa = PBXBuildFile; fileRef = B2DE2ABC2B18E73000255D7F /* JokeViewModel.swift */; };
/* End PBXBuildFile section */

/* Begin PBXFileReference section */
		B2B0051D2B18CE6D00E78E58 /* JouikesApp.app */ = {isa = PBXFileReference; explicitFileType = wrapper.application; includeInIndex = 0; path = JouikesApp.app; sourceTree = BUILT_PRODUCTS_DIR; };
		B2B005202B18CE6D00E78E58 /* JouikesAppApp.swift */ = {isa = PBXFileReference; lastKnownFileType = sourcecode.swift; path = JouikesAppApp.swift; sourceTree = "<group>"; };
		B2B005222B18CE6D00E78E58 /* JokeView.swift */ = {isa = PBXFileReference; lastKnownFileType = sourcecode.swift; path = JokeView.swift; sourceTree = "<group>"; };
		B2B005242B18CE6F00E78E58 /* Assets.xcassets */ = {isa = PBXFileReference; lastKnownFileType = folder.assetcatalog; path = Assets.xcassets; sourceTree = "<group>"; };
		B2B005272B18CE6F00E78E58 /* Preview Assets.xcassets */ = {isa = PBXFileReference; lastKnownFileType = folder.assetcatalog; path = "Preview Assets.xcassets"; sourceTree = "<group>"; };
		B2DE2AB62B18D4AA00255D7F /* NetworkService.swift */ = {isa = PBXFileReference; lastKnownFileType = sourcecode.swift; path = NetworkService.swift; sourceTree = "<group>"; };
		B2DE2AB82B18E47000255D7F /* MainView.swift */ = {isa = PBXFileReference; lastKnownFileType = sourcecode.swift; path = MainView.swift; sourceTree = "<group>"; };
		B2DE2ABA2B18E4F200255D7F /* SaveJokesView.swift */ = {isa = PBXFileReference; lastKnownFileType = sourcecode.swift; path = SaveJokesView.swift; sourceTree = "<group>"; };
		B2DE2ABC2B18E73000255D7F /* JokeViewModel.swift */ = {isa = PBXFileReference; lastKnownFileType = sourcecode.swift; path = JokeViewModel.swift; sourceTree = "<group>"; };
/* End PBXFileReference section */

/* Begin PBXFrameworksBuildPhase section */
		B2B0051A2B18CE6D00E78E58 /* Frameworks */ = {
			isa = PBXFrameworksBuildPhase;
			buildActionMask = 2147483647;
			files = (
			);
			runOnlyForDeploymentPostprocessing = 0;
		};
/* End PBXFrameworksBuildPhase section */

/* Begin PBXGroup section */
		B2B005142B18CE6D00E78E58 = {
			isa = PBXGroup;
			children = (
				B2B0051F2B18CE6D00E78E58 /* JouikesApp */,
				B2B0051E2B18CE6D00E78E58 /* Products */,
			);
			sourceTree = "<group>";
		};
		B2B0051E2B18CE6D00E78E58 /* Products */ = {
			isa = PBXGroup;
			children = (
				B2B0051D2B18CE6D00E78E58 /* JouikesApp.app */,
			);
			name = Products;
			sourceTree = "<group>";
		};
		B2B0051F2B18CE6D00E78E58 /* JouikesApp */ = {
			isa = PBXGroup;
			children = (
				B2DE2ABF2B19056800255D7F /* Applicatipn */,
				B2DE2ABE2B19055700255D7F /* Network */,
				B2DE2AC02B19057A00255D7F /* View */,
				B2DE2AC12B19059000255D7F /* ViewModel */,
				B2B005242B18CE6F00E78E58 /* Assets.xcassets */,
				B2B005262B18CE6F00E78E58 /* Preview Content */,
			);
			path = JouikesApp;
			sourceTree = "<group>";
		};
		B2B005262B18CE6F00E78E58 /* Preview Content */ = {
			isa = PBXGroup;
			children = (
				B2B005272B18CE6F00E78E58 /* Preview Assets.xcassets */,
			);
			path = "Preview Content";
			sourceTree = "<group>";
		};
		B2DE2ABE2B19055700255D7F /* Network */ = {
			isa = PBXGroup;
			children = (
				B2DE2AB62B18D4AA00255D7F /* NetworkService.swift */,
			);
			path = Network;
			sourceTree = "<group>";
		};
		B2DE2ABF2B19056800255D7F /* Applicatipn */ = {
			isa = PBXGroup;
			children = (
				B2B005202B18CE6D00E78E58 /* JouikesAppApp.swift */,
			);
			path = Applicatipn;
			sourceTree = "<group>";
		};
		B2DE2AC02B19057A00255D7F /* View */ = {
			isa = PBXGroup;
			children = (
				B2B005222B18CE6D00E78E58 /* JokeView.swift */,
				B2DE2ABA2B18E4F200255D7F /* SaveJokesView.swift */,
				B2DE2AB82B18E47000255D7F /* MainView.swift */,
			);
			path = View;
			sourceTree = "<group>";
		};
		B2DE2AC12B19059000255D7F /* ViewModel */ = {
			isa = PBXGroup;
			children = (
				B2DE2ABC2B18E73000255D7F /* JokeViewModel.swift */,
			);
			path = ViewModel;
			sourceTree = "<group>";
		};
/* End PBXGroup section */

/* Begin PBXNativeTarget section */
		B2B0051C2B18CE6D00E78E58 /* JouikesApp */ = {
			isa = PBXNativeTarget;
			buildConfigurationList = B2B0052B2B18CE6F00E78E58 /* Build configuration list for PBXNativeTarget "JouikesApp" */;
			buildPhases = (
				B2B005192B18CE6D00E78E58 /* Sources */,
				B2B0051A2B18CE6D00E78E58 /* Frameworks */,
				B2B0051B2B18CE6D00E78E58 /* Resources */,
			);
			buildRules = (
			);
			dependencies = (
			);
			name = JouikesApp;
			productName = JouikesApp;
			productReference = B2B0051D2B18CE6D00E78E58 /* JouikesApp.app */;
			productType = "com.apple.product-type.application";
		};
/* End PBXNativeTarget section */

/* Begin PBXProject section */
		B2B005152B18CE6D00E78E58 /* Project object */ = {
			isa = PBXProject;
			attributes = {
				BuildIndependentTargetsInParallel = 1;
				LastSwiftUpdateCheck = 1500;
				LastUpgradeCheck = 1500;
				TargetAttributes = {
					B2B0051C2B18CE6D00E78E58 = {
						CreatedOnToolsVersion = 15.0.1;
					};
				};
			};
			buildConfigurationList = B2B005182B18CE6D00E78E58 /* Build configuration list for PBXProject "JouikesApp" */;
			compatibilityVersion = "Xcode 14.0";
			developmentRegion = en;
			hasScannedForEncodings = 0;
			knownRegions = (
				en,
				Base,
			);
			mainGroup = B2B005142B18CE6D00E78E58;
			productRefGroup = B2B0051E2B18CE6D00E78E58 /* Products */;
			projectDirPath = "";
			projectRoot = "";
			targets = (
				B2B0051C2B18CE6D00E78E58 /* JouikesApp */,
			);
		};
/* End PBXProject section */

/* Begin PBXResourcesBuildPhase section */
		B2B0051B2B18CE6D00E78E58 /* Resources */ = {
			isa = PBXResourcesBuildPhase;
			buildActionMask = 2147483647;
			files = (
				B2B005282B18CE6F00E78E58 /* Preview Assets.xcassets in Resources */,
				B2B005252B18CE6F00E78E58 /* Assets.xcassets in Resources */,
			);
			runOnlyForDeploymentPostprocessing = 0;
		};
/* End PBXResourcesBuildPhase section */

/* Begin PBXSourcesBuildPhase section */
		B2B005192B18CE6D00E78E58 /* Sources */ = {
			isa = PBXSourcesBuildPhase;
			buildActionMask = 2147483647;
			files = (
				B2B005232B18CE6D00E78E58 /* JokeView.swift in Sources */,
				B2DE2ABD2B18E73000255D7F /* JokeViewModel.swift in Sources */,
				B2DE2AB92B18E47000255D7F /* MainView.swift in Sources */,
				B2DE2AB72B18D4AA00255D7F /* NetworkService.swift in Sources */,
				B2B005212B18CE6D00E78E58 /* JouikesAppApp.swift in Sources */,
				B2DE2ABB2B18E4F200255D7F /* SaveJokesView.swift in Sources */,
			);
			runOnlyForDeploymentPostprocessing = 0;
		};
/* End PBXSourcesBuildPhase section */

/* Begin XCBuildConfiguration section */
		B2B005292B18CE6F00E78E58 /* Debug */ = {
			isa = XCBuildConfiguration;
			buildSettings = {
				ALWAYS_SEARCH_USER_PATHS = NO;
				ASSETCATALOG_COMPILER_GENERATE_SWIFT_ASSET_SYMBOL_EXTENSIONS = YES;
				CLANG_ANALYZER_NONNULL = YES;
				CLANG_ANALYZER_NUMBER_OBJECT_CONVERSION = YES_AGGRESSIVE;
				CLANG_CXX_LANGUAGE_STANDARD = "gnu++20";
				CLANG_ENABLE_MODULES = YES;
				CLANG_ENABLE_OBJC_ARC = YES;
				CLANG_ENABLE_OBJC_WEAK = YES;
				CLANG_WARN_BLOCK_CAPTURE_AUTORELEASING = YES;
				CLANG_WARN_BOOL_CONVERSION = YES;
				CLANG_WARN_COMMA = YES;
				CLANG_WARN_CONSTANT_CONVERSION = YES;
				CLANG_WARN_DEPRECATED_OBJC_IMPLEMENTATIONS = YES;
				CLANG_WARN_DIRECT_OBJC_ISA_USAGE = YES_ERROR;
				CLANG_WARN_DOCUMENTATION_COMMENTS = YES;
				CLANG_WARN_EMPTY_BODY = YES;
				CLANG_WARN_ENUM_CONVERSION = YES;
				CLANG_WARN_INFINITE_RECURSION = YES;
				CLANG_WARN_INT_CONVERSION = YES;
				CLANG_WARN_NON_LITERAL_NULL_CONVERSION = YES;
				CLANG_WARN_OBJC_IMPLICIT_RETAIN_SELF = YES;
				CLANG_WARN_OBJC_LITERAL_CONVERSION = YES;
				CLANG_WARN_OBJC_ROOT_CLASS = YES_ERROR;
				CLANG_WARN_QUOTED_INCLUDE_IN_FRAMEWORK_HEADER = YES;
				CLANG_WARN_RANGE_LOOP_ANALYSIS = YES;
				CLANG_WARN_STRICT_PROTOTYPES = YES;
				CLANG_WARN_SUSPICIOUS_MOVE = YES;
				CLANG_WARN_UNGUARDED_AVAILABILITY = YES_AGGRESSIVE;
				CLANG_WARN_UNREACHABLE_CODE = YES;
				CLANG_WARN__DUPLICATE_METHOD_MATCH = YES;
				COPY_PHASE_STRIP = NO;
				DEBUG_INFORMATION_FORMAT = dwarf;
				ENABLE_STRICT_OBJC_MSGSEND = YES;
				ENABLE_TESTABILITY = YES;
				ENABLE_USER_SCRIPT_SANDBOXING = YES;
				GCC_C_LANGUAGE_STANDARD = gnu17;
				GCC_DYNAMIC_NO_PIC = NO;
				GCC_NO_COMMON_BLOCKS = YES;
				GCC_OPTIMIZATION_LEVEL = 0;
				GCC_PREPROCESSOR_DEFINITIONS = (
					"DEBUG=1",
					"$(inherited)",
				);
				GCC_WARN_64_TO_32_BIT_CONVERSION = YES;
				GCC_WARN_ABOUT_RETURN_TYPE = YES_ERROR;
				GCC_WARN_UNDECLARED_SELECTOR = YES;
				GCC_WARN_UNINITIALIZED_AUTOS = YES_AGGRESSIVE;
				GCC_WARN_UNUSED_FUNCTION = YES;
				GCC_WARN_UNUSED_VARIABLE = YES;
				IPHONEOS_DEPLOYMENT_TARGET = 17.0;
				LOCALIZATION_PREFERS_STRING_CATALOGS = YES;
				MTL_ENABLE_DEBUG_INFO = INCLUDE_SOURCE;
				MTL_FAST_MATH = YES;
				ONLY_ACTIVE_ARCH = YES;
				SDKROOT = iphoneos;
				SWIFT_ACTIVE_COMPILATION_CONDITIONS = "DEBUG $(inherited)";
				SWIFT_OPTIMIZATION_LEVEL = "-Onone";
			};
			name = Debug;
		};
		B2B0052A2B18CE6F00E78E58 /* Release */ = {
			isa = XCBuildConfiguration;
			buildSettings = {
				ALWAYS_SEARCH_USER_PATHS = NO;
				ASSETCATALOG_COMPILER_GENERATE_SWIFT_ASSET_SYMBOL_EXTENSIONS = YES;
				CLANG_ANALYZER_NONNULL = YES;
				CLANG_ANALYZER_NUMBER_OBJECT_CONVERSION = YES_AGGRESSIVE;
				CLANG_CXX_LANGUAGE_STANDARD = "gnu++20";
				CLANG_ENABLE_MODULES = YES;
				CLANG_ENABLE_OBJC_ARC = YES;
				CLANG_ENABLE_OBJC_WEAK = YES;
				CLANG_WARN_BLOCK_CAPTURE_AUTORELEASING = YES;
				CLANG_WARN_BOOL_CONVERSION = YES;
				CLANG_WARN_COMMA = YES;
				CLANG_WARN_CONSTANT_CONVERSION = YES;
				CLANG_WARN_DEPRECATED_OBJC_IMPLEMENTATIONS = YES;
				CLANG_WARN_DIRECT_OBJC_ISA_USAGE = YES_ERROR;
				CLANG_WARN_DOCUMENTATION_COMMENTS = YES;
				CLANG_WARN_EMPTY_BODY = YES;
				CLANG_WARN_ENUM_CONVERSION = YES;
				CLANG_WARN_INFINITE_RECURSION = YES;
				CLANG_WARN_INT_CONVERSION = YES;
				CLANG_WARN_NON_LITERAL_NULL_CONVERSION = YES;
				CLANG_WARN_OBJC_IMPLICIT_RETAIN_SELF = YES;
				CLANG_WARN_OBJC_LITERAL_CONVERSION = YES;
				CLANG_WARN_OBJC_ROOT_CLASS = YES_ERROR;
				CLANG_WARN_QUOTED_INCLUDE_IN_FRAMEWORK_HEADER = YES;
				CLANG_WARN_RANGE_LOOP_ANALYSIS = YES;
				CLANG_WARN_STRICT_PROTOTYPES = YES;
				CLANG_WARN_SUSPICIOUS_MOVE = YES;
				CLANG_WARN_UNGUARDED_AVAILABILITY = YES_AGGRESSIVE;
				CLANG_WARN_UNREACHABLE_CODE = YES;
				CLANG_WARN__DUPLICATE_METHOD_MATCH = YES;
				COPY_PHASE_STRIP = NO;
				DEBUG_INFORMATION_FORMAT = "dwarf-with-dsym";
				ENABLE_NS_ASSERTIONS = NO;
				ENABLE_STRICT_OBJC_MSGSEND = YES;
				ENABLE_USER_SCRIPT_SANDBOXING = YES;
				GCC_C_LANGUAGE_STANDARD = gnu17;
				GCC_NO_COMMON_BLOCKS = YES;
				GCC_WARN_64_TO_32_BIT_CONVERSION = YES;
				GCC_WARN_ABOUT_RETURN_TYPE = YES_ERROR;
				GCC_WARN_UNDECLARED_SELECTOR = YES;
				GCC_WARN_UNINITIALIZED_AUTOS = YES_AGGRESSIVE;
				GCC_WARN_UNUSED_FUNCTION = YES;
				GCC_WARN_UNUSED_VARIABLE = YES;
				IPHONEOS_DEPLOYMENT_TARGET = 17.0;
				LOCALIZATION_PREFERS_STRING_CATALOGS = YES;
				MTL_ENABLE_DEBUG_INFO = NO;
				MTL_FAST_MATH = YES;
				SDKROOT = iphoneos;
				SWIFT_COMPILATION_MODE = wholemodule;
				VALIDATE_PRODUCT = YES;
			};
			name = Release;
		};
		B2B0052C2B18CE6F00E78E58 /* Debug */ = {
			isa = XCBuildConfiguration;
			buildSettings = {
				ASSETCATALOG_COMPILER_APPICON_NAME = AppIcon;
				ASSETCATALOG_COMPILER_GLOBAL_ACCENT_COLOR_NAME = AccentColor;
				CODE_SIGN_STYLE = Automatic;
				CURRENT_PROJECT_VERSION = 1;
				DEVELOPMENT_ASSET_PATHS = "\"JouikesApp/Preview Content\"";
				DEVELOPMENT_TEAM = LUQ926BAHR;
				ENABLE_PREVIEWS = YES;
				GENERATE_INFOPLIST_FILE = YES;
				INFOPLIST_KEY_UIApplicationSceneManifest_Generation = YES;
				INFOPLIST_KEY_UIApplicationSupportsIndirectInputEvents = YES;
				INFOPLIST_KEY_UILaunchScreen_Generation = YES;
				INFOPLIST_KEY_UISupportedInterfaceOrientations_iPad = "UIInterfaceOrientationPortrait UIInterfaceOrientationPortraitUpsideDown UIInterfaceOrientationLandscapeLeft UIInterfaceOrientationLandscapeRight";
				INFOPLIST_KEY_UISupportedInterfaceOrientations_iPhone = "UIInterfaceOrientationPortrait UIInterfaceOrientationLandscapeLeft UIInterfaceOrientationLandscapeRight";
				IPHONEOS_DEPLOYMENT_TARGET = 16.0;
				LD_RUNPATH_SEARCH_PATHS = (
					"$(inherited)",
					"@executable_path/Frameworks",
				);
				MARKETING_VERSION = 1.0;
				PRODUCT_BUNDLE_IDENTIFIER = vladShima.JouikesApp;
				PRODUCT_NAME = "$(TARGET_NAME)";
				SWIFT_EMIT_LOC_STRINGS = YES;
				SWIFT_VERSION = 5.0;
				TARGETED_DEVICE_FAMILY = "1,2";
			};
			name = Debug;
		};
		B2B0052D2B18CE6F00E78E58 /* Release */ = {
			isa = XCBuildConfiguration;
			buildSettings = {
				ASSETCATALOG_COMPILER_APPICON_NAME = AppIcon;
				ASSETCATALOG_COMPILER_GLOBAL_ACCENT_COLOR_NAME = AccentColor;
				CODE_SIGN_STYLE = Automatic;
				CURRENT_PROJECT_VERSION = 1;
				DEVELOPMENT_ASSET_PATHS = "\"JouikesApp/Preview Content\"";
				DEVELOPMENT_TEAM = LUQ926BAHR;
				ENABLE_PREVIEWS = YES;
				GENERATE_INFOPLIST_FILE = YES;
				INFOPLIST_KEY_UIApplicationSceneManifest_Generation = YES;
				INFOPLIST_KEY_UIApplicationSupportsIndirectInputEvents = YES;
				INFOPLIST_KEY_UILaunchScreen_Generation = YES;
				INFOPLIST_KEY_UISupportedInterfaceOrientations_iPad = "UIInterfaceOrientationPortrait UIInterfaceOrientationPortraitUpsideDown UIInterfaceOrientationLandscapeLeft UIInterfaceOrientationLandscapeRight";
				INFOPLIST_KEY_UISupportedInterfaceOrientations_iPhone = "UIInterfaceOrientationPortrait UIInterfaceOrientationLandscapeLeft UIInterfaceOrientationLandscapeRight";
				IPHONEOS_DEPLOYMENT_TARGET = 16.0;
				LD_RUNPATH_SEARCH_PATHS = (
					"$(inherited)",
					"@executable_path/Frameworks",
				);
				MARKETING_VERSION = 1.0;
				PRODUCT_BUNDLE_IDENTIFIER = vladShima.JouikesApp;
				PRODUCT_NAME = "$(TARGET_NAME)";
				SWIFT_EMIT_LOC_STRINGS = YES;
				SWIFT_VERSION = 5.0;
				TARGETED_DEVICE_FAMILY = "1,2";
			};
			name = Release;
		};
/* End XCBuildConfiguration section */

/* Begin XCConfigurationList section */
		B2B005182B18CE6D00E78E58 /* Build configuration list for PBXProject "JouikesApp" */ = {
			isa = XCConfigurationList;
			buildConfigurations = (
				B2B005292B18CE6F00E78E58 /* Debug */,
				B2B0052A2B18CE6F00E78E58 /* Release */,
			);
			defaultConfigurationIsVisible = 0;
			defaultConfigurationName = Release;
		};
		B2B0052B2B18CE6F00E78E58 /* Build configuration list for PBXNativeTarget "JouikesApp" */ = {
			isa = XCConfigurationList;
			buildConfigurations = (
				B2B0052C2B18CE6F00E78E58 /* Debug */,
				B2B0052D2B18CE6F00E78E58 /* Release */,
			);
			defaultConfigurationIsVisible = 0;
			defaultConfigurationName = Release;
		};
/* End XCConfigurationList section */
	};
	rootObject = B2B005152B18CE6D00E78E58 /* Project object */;
}
